
Microsoft Visual Studio Solution File, Format Version 12.00
# Visual Studio Version 17
VisualStudioVersion = 17.0.32112.339
MinimumVisualStudioVersion = 10.0.40219.1
Project("{FAE04EC0-301F-11D3-BF4B-00C04F79EFBC}") = "OOPS_Programming", "OOPS_Programming.csproj", "{18E98BC6-B94A-432E-97DB-A3029AA8BB9F}"
EndProject
Global
	GlobalSection(SolutionConfigurationPlatforms) = preSolution
		Debug|Any CPU = Debug|Any CPU
		Release|Any CPU = Release|Any CPU
	EndGlobalSection
	GlobalSection(ProjectConfigurationPlatforms) = postSolution
		{18E98BC6-B94A-432E-97DB-A3029AA8BB9F}.Debug|Any CPU.ActiveCfg = Debug|Any CPU
		{18E98BC6-B94A-432E-97DB-A3029AA8BB9F}.Debug|Any CPU.Build.0 = Debug|Any CPU
		{18E98BC6-B94A-432E-97DB-A3029AA8BB9F}.Release|Any CPU.ActiveCfg = Release|Any CPU
		{18E98BC6-B94A-432E-97DB-A3029AA8BB9F}.Release|Any CPU.Build.0 = Release|Any CPU
	EndGlobalSection
	GlobalSection(SolutionProperties) = preSolution
		HideSolutionNode = FALSE
	EndGlobalSection
	GlobalSection(ExtensibilityGlobals) = postSolution
		SolutionGuid = {4EAAF880-DD66-451E-B2A1-5E5AAAFDA20A}
	EndGlobalSection
EndGlobal
